<?xml version="1.0" encoding="utf-8"?>
<Project ToolsVersion="4.0" xmlns="http://schemas.microsoft.com/developer/msbuild/2003">
  <ItemGroup>
    <ClInclude Include="targetver.h" />
    <ClInclude Include="stdafx.h" />
    <ClInclude Include="AStarSearch.h">
      <Filter>Graph</Filter>
    </ClInclude>
    <ClInclude Include="BreadthFirstSearch.h">
      <Filter>Graph</Filter>
    </ClInclude>
  </ItemGroup>
  <ItemGroup>
    <ClCompile Include="stdafx.cpp" />
    <ClCompile Include="Main.cpp" />
  </ItemGroup>
  <ItemGroup>
    <Filter Include="Graph">
      <UniqueIdentifier>{26de1792-f388-459d-b6ea-28ac56baf14e}</UniqueIdentifier>
    </Filter>
  </ItemGroup>
</Project>